{
  "name": "casawp",
  "version": "1.0.0",
  "lockfileVersion": 1,
  "requires": true,
  "dependencies": {
    "casadistance": {
      "version": "git+ssh://git@bitbucket.org/casasoftag/casadistance.git#f0308391f0c50104182bfb2332a53e4e523a4603",
      "from": "git+ssh://git@bitbucket.org/casasoftag/casadistance.git"
    }
  }
}
