# THIS IS AN AUTOGENERATED FILE. DO NOT EDIT THIS FILE DIRECTLY.
# yarn lockfile v1


"casadistance@git+ssh://git@bitbucket.org/casasoftag/casadistance.git", "map-distance-poc@git+ssh://git@bitbucket.org/casasoftag/casadistance.git":
  version "1.0.0"
  resolved "git+ssh://git@bitbucket.org/casasoftag/casadistance.git#c6f02f215f3958419d83578f63538dc01f2418fc"
